
Microsoft Visual Studio Solution File, Format Version 12.00
# Visual Studio Version 17
VisualStudioVersion = 17.11.35312.102
MinimumVisualStudioVersion = 10.0.40219.1
Project("{9A19103F-16F7-4668-BE54-9A1E7A4F7556}") = "Stage0", "Stage0\Stage0.csproj", "{C2E83AC2-98E6-4620-9867-42191AC3D2BD}"
EndProject
Project("{2150E333-8FDC-42A3-9474-1A3956D46DE8}") = "Solution Items", "Solution Items", "{0EFD496C-CD6E-47F5-9503-DEDC9966E620}"
	ProjectSection(SolutionItems) = preProject
		README.md = README.md
	EndProjectSection
EndProject
Project("{FAE04EC0-301F-11D3-BF4B-00C04F79EFBC}") = "DalFacade", "DalFacade\DalFacade.csproj", "{2A418E9B-830D-4AAB-B8F3-9B2B1D208BC2}"
EndProject
Project("{FAE04EC0-301F-11D3-BF4B-00C04F79EFBC}") = "DalList", "DalList\DalList.csproj", "{BA6C5F86-893C-43CB-A0F9-E1ED5C11F419}"
EndProject
Project("{FAE04EC0-301F-11D3-BF4B-00C04F79EFBC}") = "DalTest", "DalTest\DalTest.csproj", "{894A0145-0F17-4760-8130-B5FDF580CDA5}"
EndProject
Project("{FAE04EC0-301F-11D3-BF4B-00C04F79EFBC}") = "DalXml", "DalXml\DalXml.csproj", "{DAA33723-CACC-4452-94DD-97C139CDB915}"
EndProject
Project("{2150E333-8FDC-42A3-9474-1A3956D46DE8}") = "xml", "xml", "{CC3F541D-B5B2-4DA3-BC46-822341F7C568}"
	ProjectSection(SolutionItems) = preProject
		xml\assignments.xml = xml\assignments.xml
		xml\calls.xml = xml\calls.xml
		xml\dal-config.xml = xml\dal-config.xml
		xml\data-config.xml = xml\data-config.xml
		xml\volunteers.xml = xml\volunteers.xml
	EndProjectSection
EndProject
Global
	GlobalSection(SolutionConfigurationPlatforms) = preSolution
		Debug|Any CPU = Debug|Any CPU
		Release|Any CPU = Release|Any CPU
	EndGlobalSection
	GlobalSection(ProjectConfigurationPlatforms) = postSolution
		{C2E83AC2-98E6-4620-9867-42191AC3D2BD}.Debug|Any CPU.ActiveCfg = Debug|Any CPU
		{C2E83AC2-98E6-4620-9867-42191AC3D2BD}.Debug|Any CPU.Build.0 = Debug|Any CPU
		{C2E83AC2-98E6-4620-9867-42191AC3D2BD}.Release|Any CPU.ActiveCfg = Release|Any CPU
		{C2E83AC2-98E6-4620-9867-42191AC3D2BD}.Release|Any CPU.Build.0 = Release|Any CPU
		{2A418E9B-830D-4AAB-B8F3-9B2B1D208BC2}.Debug|Any CPU.ActiveCfg = Debug|Any CPU
		{2A418E9B-830D-4AAB-B8F3-9B2B1D208BC2}.Debug|Any CPU.Build.0 = Debug|Any CPU
		{2A418E9B-830D-4AAB-B8F3-9B2B1D208BC2}.Release|Any CPU.ActiveCfg = Release|Any CPU
		{2A418E9B-830D-4AAB-B8F3-9B2B1D208BC2}.Release|Any CPU.Build.0 = Release|Any CPU
		{BA6C5F86-893C-43CB-A0F9-E1ED5C11F419}.Debug|Any CPU.ActiveCfg = Debug|Any CPU
		{BA6C5F86-893C-43CB-A0F9-E1ED5C11F419}.Debug|Any CPU.Build.0 = Debug|Any CPU
		{BA6C5F86-893C-43CB-A0F9-E1ED5C11F419}.Release|Any CPU.ActiveCfg = Release|Any CPU
		{BA6C5F86-893C-43CB-A0F9-E1ED5C11F419}.Release|Any CPU.Build.0 = Release|Any CPU
		{894A0145-0F17-4760-8130-B5FDF580CDA5}.Debug|Any CPU.ActiveCfg = Debug|Any CPU
		{894A0145-0F17-4760-8130-B5FDF580CDA5}.Debug|Any CPU.Build.0 = Debug|Any CPU
		{894A0145-0F17-4760-8130-B5FDF580CDA5}.Release|Any CPU.ActiveCfg = Release|Any CPU
		{894A0145-0F17-4760-8130-B5FDF580CDA5}.Release|Any CPU.Build.0 = Release|Any CPU
		{DAA33723-CACC-4452-94DD-97C139CDB915}.Debug|Any CPU.ActiveCfg = Debug|Any CPU
		{DAA33723-CACC-4452-94DD-97C139CDB915}.Debug|Any CPU.Build.0 = Debug|Any CPU
		{DAA33723-CACC-4452-94DD-97C139CDB915}.Release|Any CPU.ActiveCfg = Release|Any CPU
		{DAA33723-CACC-4452-94DD-97C139CDB915}.Release|Any CPU.Build.0 = Release|Any CPU
	EndGlobalSection
	GlobalSection(SolutionProperties) = preSolution
		HideSolutionNode = FALSE
	EndGlobalSection
	GlobalSection(ExtensibilityGlobals) = postSolution
		SolutionGuid = {8DE12DE8-70EC-45DC-A0E6-9F2382CC3058}
	EndGlobalSection
EndGlobal
