
Microsoft Visual Studio Solution File, Format Version 12.00
# Visual Studio Version 17
VisualStudioVersion = 17.11.35312.102
MinimumVisualStudioVersion = 10.0.40219.1
Project("{FAE04EC0-301F-11D3-BF4B-00C04F79EFBC}") = "Stage0", "Stage0\Stage0.csproj", "{C2E83AC2-98E6-4620-9867-42191AC3D2BD}"
EndProject
Global
	GlobalSection(SolutionConfigurationPlatforms) = preSolution
		Debug|Any CPU = Debug|Any CPU
		Release|Any CPU = Release|Any CPU
	EndGlobalSection
	GlobalSection(ProjectConfigurationPlatforms) = postSolution
		{C2E83AC2-98E6-4620-9867-42191AC3D2BD}.Debug|Any CPU.ActiveCfg = Debug|Any CPU
		{C2E83AC2-98E6-4620-9867-42191AC3D2BD}.Debug|Any CPU.Build.0 = Debug|Any CPU
		{C2E83AC2-98E6-4620-9867-42191AC3D2BD}.Release|Any CPU.ActiveCfg = Release|Any CPU
		{C2E83AC2-98E6-4620-9867-42191AC3D2BD}.Release|Any CPU.Build.0 = Release|Any CPU
	EndGlobalSection
	GlobalSection(SolutionProperties) = preSolution
		HideSolutionNode = FALSE
	EndGlobalSection
	GlobalSection(ExtensibilityGlobals) = postSolution
		SolutionGuid = {8DE12DE8-70EC-45DC-A0E6-9F2382CC3058}
	EndGlobalSection
EndGlobal
